
Microsoft Visual Studio Solution File, Format Version 12.00
# Visual Studio 2012
Project("{FAE04EC0-301F-11D3-BF4B-00C04F79EFBC}") = "CollectionsLibrary", "CollectionsLibrary\CollectionsLibrary.csproj", "{97D33F35-BA60-488C-85B9-59932C7984F4}"
EndProject
Project("{FAE04EC0-301F-11D3-BF4B-00C04F79EFBC}") = "CollectionsLibrary.UnitTests", "CollectionsLibrary.UnitTests\CollectionsLibrary.UnitTests.csproj", "{08A09C77-481A-4717-AC9D-9D5609668127}"
EndProject
Global
	GlobalSection(SolutionConfigurationPlatforms) = preSolution
		Debug|Any CPU = Debug|Any CPU
		Release|Any CPU = Release|Any CPU
	EndGlobalSection
	GlobalSection(ProjectConfigurationPlatforms) = postSolution
		{97D33F35-BA60-488C-85B9-59932C7984F4}.Debug|Any CPU.ActiveCfg = Debug|Any CPU
		{97D33F35-BA60-488C-85B9-59932C7984F4}.Debug|Any CPU.Build.0 = Debug|Any CPU
		{97D33F35-BA60-488C-85B9-59932C7984F4}.Release|Any CPU.ActiveCfg = Release|Any CPU
		{97D33F35-BA60-488C-85B9-59932C7984F4}.Release|Any CPU.Build.0 = Release|Any CPU
		{08A09C77-481A-4717-AC9D-9D5609668127}.Debug|Any CPU.ActiveCfg = Debug|Any CPU
		{08A09C77-481A-4717-AC9D-9D5609668127}.Debug|Any CPU.Build.0 = Debug|Any CPU
		{08A09C77-481A-4717-AC9D-9D5609668127}.Release|Any CPU.ActiveCfg = Release|Any CPU
		{08A09C77-481A-4717-AC9D-9D5609668127}.Release|Any CPU.Build.0 = Release|Any CPU
	EndGlobalSection
	GlobalSection(SolutionProperties) = preSolution
		HideSolutionNode = FALSE
	EndGlobalSection
EndGlobal
